
Microsoft Visual Studio Solution File, Format Version 12.00
# Visual Studio Version 17
VisualStudioVersion = 17.12.35514.174 d17.12
MinimumVisualStudioVersion = 10.0.40219.1
Project("{FAE04EC0-301F-11D3-BF4B-00C04F79EFBC}") = "Lakas", "Lakas\Lakas.csproj", "{061F2A3C-80F3-450B-9B31-A2B81FC56C8D}"
EndProject
Global
	GlobalSection(SolutionConfigurationPlatforms) = preSolution
		Debug|Any CPU = Debug|Any CPU
		Release|Any CPU = Release|Any CPU
	EndGlobalSection
	GlobalSection(ProjectConfigurationPlatforms) = postSolution
		{061F2A3C-80F3-450B-9B31-A2B81FC56C8D}.Debug|Any CPU.ActiveCfg = Debug|Any CPU
		{061F2A3C-80F3-450B-9B31-A2B81FC56C8D}.Debug|Any CPU.Build.0 = Debug|Any CPU
		{061F2A3C-80F3-450B-9B31-A2B81FC56C8D}.Release|Any CPU.ActiveCfg = Release|Any CPU
		{061F2A3C-80F3-450B-9B31-A2B81FC56C8D}.Release|Any CPU.Build.0 = Release|Any CPU
	EndGlobalSection
	GlobalSection(SolutionProperties) = preSolution
		HideSolutionNode = FALSE
	EndGlobalSection
EndGlobal
