
Microsoft Visual Studio Solution File, Format Version 12.00
# Visual Studio Version 17
VisualStudioVersion = 17.14.36518.9
MinimumVisualStudioVersion = 10.0.40219.1
Project("{FAE04EC0-301F-11D3-BF4B-00C04F79EFBC}") = "Tetris", "Tetris\Tetris.csproj", "{FBA19501-EE41-4E5B-B173-E14D570D77FB}"
EndProject
Project("{FAE04EC0-301F-11D3-BF4B-00C04F79EFBC}") = "Tetris.WPF", "Tetris.WPF\Tetris.WPF.csproj", "{D70F7B98-888E-4E06-9E3E-4DEE6F8B45A3}"
EndProject
Project("{FAE04EC0-301F-11D3-BF4B-00C04F79EFBC}") = "Tetris.Test", "Tetris.Test\Tetris.Test.csproj", "{2715BE34-EAD4-4CBF-B2D3-CDD4554C036E}"
EndProject
Global
	GlobalSection(SolutionConfigurationPlatforms) = preSolution
		Debug|Any CPU = Debug|Any CPU
		Release|Any CPU = Release|Any CPU
	EndGlobalSection
	GlobalSection(ProjectConfigurationPlatforms) = postSolution
		{FBA19501-EE41-4E5B-B173-E14D570D77FB}.Debug|Any CPU.ActiveCfg = Debug|Any CPU
		{FBA19501-EE41-4E5B-B173-E14D570D77FB}.Debug|Any CPU.Build.0 = Debug|Any CPU
		{FBA19501-EE41-4E5B-B173-E14D570D77FB}.Release|Any CPU.ActiveCfg = Release|Any CPU
		{FBA19501-EE41-4E5B-B173-E14D570D77FB}.Release|Any CPU.Build.0 = Release|Any CPU
		{D70F7B98-888E-4E06-9E3E-4DEE6F8B45A3}.Debug|Any CPU.ActiveCfg = Debug|Any CPU
		{D70F7B98-888E-4E06-9E3E-4DEE6F8B45A3}.Debug|Any CPU.Build.0 = Debug|Any CPU
		{D70F7B98-888E-4E06-9E3E-4DEE6F8B45A3}.Release|Any CPU.ActiveCfg = Release|Any CPU
		{D70F7B98-888E-4E06-9E3E-4DEE6F8B45A3}.Release|Any CPU.Build.0 = Release|Any CPU
		{2715BE34-EAD4-4CBF-B2D3-CDD4554C036E}.Debug|Any CPU.ActiveCfg = Debug|Any CPU
		{2715BE34-EAD4-4CBF-B2D3-CDD4554C036E}.Debug|Any CPU.Build.0 = Debug|Any CPU
		{2715BE34-EAD4-4CBF-B2D3-CDD4554C036E}.Release|Any CPU.ActiveCfg = Release|Any CPU
		{2715BE34-EAD4-4CBF-B2D3-CDD4554C036E}.Release|Any CPU.Build.0 = Release|Any CPU
	EndGlobalSection
	GlobalSection(SolutionProperties) = preSolution
		HideSolutionNode = FALSE
	EndGlobalSection
	GlobalSection(ExtensibilityGlobals) = postSolution
		SolutionGuid = {85F93967-2E0D-44E8-856B-B056901EB86F}
	EndGlobalSection
EndGlobal
