
Microsoft Visual Studio Solution File, Format Version 12.00
# Visual Studio Version 17
VisualStudioVersion = 17.11.35312.102
MinimumVisualStudioVersion = 10.0.40219.1
Project("{FAE04EC0-301F-11D3-BF4B-00C04F79EFBC}") = "balaton", "balaton\balaton.csproj", "{8C9E53B6-1E39-4B43-87CD-101153908F05}"
EndProject
Global
	GlobalSection(SolutionConfigurationPlatforms) = preSolution
		Debug|Any CPU = Debug|Any CPU
		Release|Any CPU = Release|Any CPU
	EndGlobalSection
	GlobalSection(ProjectConfigurationPlatforms) = postSolution
		{8C9E53B6-1E39-4B43-87CD-101153908F05}.Debug|Any CPU.ActiveCfg = Debug|Any CPU
		{8C9E53B6-1E39-4B43-87CD-101153908F05}.Debug|Any CPU.Build.0 = Debug|Any CPU
		{8C9E53B6-1E39-4B43-87CD-101153908F05}.Release|Any CPU.ActiveCfg = Release|Any CPU
		{8C9E53B6-1E39-4B43-87CD-101153908F05}.Release|Any CPU.Build.0 = Release|Any CPU
	EndGlobalSection
	GlobalSection(SolutionProperties) = preSolution
		HideSolutionNode = FALSE
	EndGlobalSection
	GlobalSection(ExtensibilityGlobals) = postSolution
		SolutionGuid = {DD82B975-6570-4A3F-AA48-923A443FE515}
	EndGlobalSection
EndGlobal
