
Microsoft Visual Studio Solution File, Format Version 12.00
# Visual Studio Version 17
VisualStudioVersion = 17.14.36429.23
MinimumVisualStudioVersion = 10.0.40219.1
Project("{FAE04EC0-301F-11D3-BF4B-00C04F79EFBC}") = "Tetris", "Tetris\Tetris.csproj", "{985594C2-C5E1-4352-A677-01B9D2C1A7C5}"
EndProject
Project("{FAE04EC0-301F-11D3-BF4B-00C04F79EFBC}") = "Tetris.WinForms", "Tetris.WinForms\Tetris.WinForms.csproj", "{FD987994-124E-4133-B6B0-180D272F005F}"
EndProject
Project("{FAE04EC0-301F-11D3-BF4B-00C04F79EFBC}") = "TetrisTest", "TetrisTest\TetrisTest.csproj", "{C49E37FE-83F6-40E4-B016-5D4699479200}"
EndProject
Global
	GlobalSection(SolutionConfigurationPlatforms) = preSolution
		Debug|Any CPU = Debug|Any CPU
		Release|Any CPU = Release|Any CPU
	EndGlobalSection
	GlobalSection(ProjectConfigurationPlatforms) = postSolution
		{985594C2-C5E1-4352-A677-01B9D2C1A7C5}.Debug|Any CPU.ActiveCfg = Debug|Any CPU
		{985594C2-C5E1-4352-A677-01B9D2C1A7C5}.Debug|Any CPU.Build.0 = Debug|Any CPU
		{985594C2-C5E1-4352-A677-01B9D2C1A7C5}.Release|Any CPU.ActiveCfg = Release|Any CPU
		{985594C2-C5E1-4352-A677-01B9D2C1A7C5}.Release|Any CPU.Build.0 = Release|Any CPU
		{FD987994-124E-4133-B6B0-180D272F005F}.Debug|Any CPU.ActiveCfg = Debug|Any CPU
		{FD987994-124E-4133-B6B0-180D272F005F}.Debug|Any CPU.Build.0 = Debug|Any CPU
		{FD987994-124E-4133-B6B0-180D272F005F}.Release|Any CPU.ActiveCfg = Release|Any CPU
		{FD987994-124E-4133-B6B0-180D272F005F}.Release|Any CPU.Build.0 = Release|Any CPU
		{C49E37FE-83F6-40E4-B016-5D4699479200}.Debug|Any CPU.ActiveCfg = Debug|Any CPU
		{C49E37FE-83F6-40E4-B016-5D4699479200}.Debug|Any CPU.Build.0 = Debug|Any CPU
		{C49E37FE-83F6-40E4-B016-5D4699479200}.Release|Any CPU.ActiveCfg = Release|Any CPU
		{C49E37FE-83F6-40E4-B016-5D4699479200}.Release|Any CPU.Build.0 = Release|Any CPU
	EndGlobalSection
	GlobalSection(SolutionProperties) = preSolution
		HideSolutionNode = FALSE
	EndGlobalSection
	GlobalSection(ExtensibilityGlobals) = postSolution
		SolutionGuid = {EFE23762-622A-4ED2-A2FA-7302C05AC0EB}
	EndGlobalSection
EndGlobal
