
Microsoft Visual Studio Solution File, Format Version 12.00
# Visual Studio Version 17
VisualStudioVersion = 17.11.35312.102
MinimumVisualStudioVersion = 10.0.40219.1
Project("{FAE04EC0-301F-11D3-BF4B-00C04F79EFBC}") = "esos_napok", "esos_napok\esos_napok.csproj", "{6AC7984C-7219-426F-9F11-4AC1FE13C60F}"
EndProject
Global
	GlobalSection(SolutionConfigurationPlatforms) = preSolution
		Debug|Any CPU = Debug|Any CPU
		Release|Any CPU = Release|Any CPU
	EndGlobalSection
	GlobalSection(ProjectConfigurationPlatforms) = postSolution
		{6AC7984C-7219-426F-9F11-4AC1FE13C60F}.Debug|Any CPU.ActiveCfg = Debug|Any CPU
		{6AC7984C-7219-426F-9F11-4AC1FE13C60F}.Debug|Any CPU.Build.0 = Debug|Any CPU
		{6AC7984C-7219-426F-9F11-4AC1FE13C60F}.Release|Any CPU.ActiveCfg = Release|Any CPU
		{6AC7984C-7219-426F-9F11-4AC1FE13C60F}.Release|Any CPU.Build.0 = Release|Any CPU
	EndGlobalSection
	GlobalSection(SolutionProperties) = preSolution
		HideSolutionNode = FALSE
	EndGlobalSection
	GlobalSection(ExtensibilityGlobals) = postSolution
		SolutionGuid = {4492AEC4-1605-4058-93EC-06C43BA5FEFF}
	EndGlobalSection
EndGlobal
